{
  "nodes": {
    "android-nixpkgs": {
      "inputs": {
        "devshell": "devshell",
        "flake-utils": "flake-utils",
        "nixpkgs": [
          "nixpkgs"
        ]
      },
      "locked": {
        "lastModified": 1775076220,
        "narHash": "sha256-QlDAqxJAHakV7GYR97T4hx7trqMI08axwNkp9Db8U7Q=",
        "owner": "tadfisher",
        "repo": "android-nixpkgs",
        "rev": "5585cc3ee71bdd8d9ee255523f11b920138fa688",
        "type": "github"
      },
      "original": {
        "owner": "tadfisher",
        "repo": "android-nixpkgs",
        "rev": "5585cc3ee71bdd8d9ee255523f11b920138fa688",
        "type": "github"
      }
    },
    "android-nixpkgs_2": {
      "inputs": {
        "devshell": "devshell_3",
        "flake-utils": "flake-utils_3",
        "nixpkgs": [
          "wwn-toolchain",
          "nixpkgs"
        ]
      },
      "locked": {
        "lastModified": 1775076220,
        "narHash": "sha256-QlDAqxJAHakV7GYR97T4hx7trqMI08axwNkp9Db8U7Q=",
        "owner": "tadfisher",
        "repo": "android-nixpkgs",
        "rev": "5585cc3ee71bdd8d9ee255523f11b920138fa688",
        "type": "github"
      },
      "original": {
        "owner": "tadfisher",
        "repo": "android-nixpkgs",
        "rev": "5585cc3ee71bdd8d9ee255523f11b920138fa688",
        "type": "github"
      }
    },
    "cachix": {
      "inputs": {
        "devenv": [
          "crate2nix"
        ],
        "flake-compat": [
          "crate2nix"
        ],
        "git-hooks": "git-hooks",
        "nixpkgs": "nixpkgs"
      },
      "locked": {
        "lastModified": 1767714506,
        "narHash": "sha256-WaTs0t1CxhgxbIuvQ97OFhDTVUGd1HA+KzLZUZBhe0s=",
        "owner": "cachix",
        "repo": "cachix",
        "rev": "894c649f0daaa38bbcfb21de64be47dfa7cd0ec9",
        "type": "github"
      },
      "original": {
        "owner": "cachix",
        "ref": "latest",
        "repo": "cachix",
        "type": "github"
      }
    },
    "crate2nix": {
      "inputs": {
        "cachix": "cachix",
        "devshell": "devshell_2",
        "flake-compat": "flake-compat",
        "flake-parts": "flake-parts",
        "nix-test-runner": "nix-test-runner",
        "nixpkgs": [
          "nixpkgs"
        ],
        "pre-commit-hooks": "pre-commit-hooks"
      },
      "locked": {
        "lastModified": 1782759041,
        "narHash": "sha256-2577vxyoBa8+ZRiXr3CuPtOuEtPRYsFPSZuEc/KI/80=",
        "owner": "nix-community",
        "repo": "crate2nix",
        "rev": "5e1ecfd2d15b34ec90c2e51fdffbe8116595a767",
        "type": "github"
      },
      "original": {
        "owner": "nix-community",
        "repo": "crate2nix",
        "type": "github"
      }
    },
    "devshell": {
      "inputs": {
        "nixpkgs": [
          "android-nixpkgs",
          "nixpkgs"
        ]
      },
      "locked": {
        "lastModified": 1768818222,
        "narHash": "sha256-460jc0+CZfyaO8+w8JNtlClB2n4ui1RbHfPTLkpwhU8=",
        "owner": "numtide",
        "repo": "devshell",
        "rev": "255a2b1725a20d060f566e4755dbf571bbbb5f76",
        "type": "github"
      },
      "original": {
        "owner": "numtide",
        "repo": "devshell",
        "type": "github"
      }
    },
    "devshell_2": {
      "inputs": {
        "nixpkgs": [
          "crate2nix",
          "nixpkgs"
        ]
      },
      "locked": {
        "lastModified": 1768818222,
        "narHash": "sha256-460jc0+CZfyaO8+w8JNtlClB2n4ui1RbHfPTLkpwhU8=",
        "owner": "numtide",
        "repo": "devshell",
        "rev": "255a2b1725a20d060f566e4755dbf571bbbb5f76",
        "type": "github"
      },
      "original": {
        "owner": "numtide",
        "repo": "devshell",
        "type": "github"
      }
    },
    "devshell_3": {
      "inputs": {
        "nixpkgs": [
          "wwn-toolchain",
          "android-nixpkgs",
          "nixpkgs"
        ]
      },
      "locked": {
        "lastModified": 1768818222,
        "narHash": "sha256-460jc0+CZfyaO8+w8JNtlClB2n4ui1RbHfPTLkpwhU8=",
        "owner": "numtide",
        "repo": "devshell",
        "rev": "255a2b1725a20d060f566e4755dbf571bbbb5f76",
        "type": "github"
      },
      "original": {
        "owner": "numtide",
        "repo": "devshell",
        "type": "github"
      }
    },
    "flake-compat": {
      "locked": {
        "lastModified": 1733328505,
        "narHash": "sha256-NeCCThCEP3eCl2l/+27kNNK7QrwZB1IJCrXfrbv5oqU=",
        "rev": "ff81ac966bb2cae68946d5ed5fc4994f96d0ffec",
        "revCount": 69,
        "type": "tarball",
        "url": "https://api.flakehub.com/f/pinned/edolstra/flake-compat/1.1.0/01948eb7-9cba-704f-bbf3-3fa956735b52/source.tar.gz"
      },
      "original": {
        "type": "tarball",
        "url": "https://flakehub.com/f/edolstra/flake-compat/1.tar.gz"
      }
    },
    "flake-compat_2": {
      "flake": false,
      "locked": {
        "lastModified": 1733328505,
        "narHash": "sha256-NeCCThCEP3eCl2l/+27kNNK7QrwZB1IJCrXfrbv5oqU=",
        "owner": "edolstra",
        "repo": "flake-compat",
        "rev": "ff81ac966bb2cae68946d5ed5fc4994f96d0ffec",
        "type": "github"
      },
      "original": {
        "owner": "edolstra",
        "repo": "flake-compat",
        "type": "github"
      }
    },
    "flake-parts": {
      "inputs": {
        "nixpkgs-lib": [
          "crate2nix",
          "nixpkgs"
        ]
      },
      "locked": {
        "lastModified": 1768135262,
        "narHash": "sha256-PVvu7OqHBGWN16zSi6tEmPwwHQ4rLPU9Plvs8/1TUBY=",
        "owner": "hercules-ci",
        "repo": "flake-parts",
        "rev": "80daad04eddbbf5a4d883996a73f3f542fa437ac",
        "type": "github"
      },
      "original": {
        "owner": "hercules-ci",
        "repo": "flake-parts",
        "type": "github"
      }
    },
    "flake-utils": {
      "inputs": {
        "systems": "systems"
      },
      "locked": {
        "lastModified": 1731533236,
        "narHash": "sha256-l0KFg5HjrsfsO/JpG+r7fRrqm12kzFHyUHqHCVpMMbI=",
        "owner": "numtide",
        "repo": "flake-utils",
        "rev": "11707dc2f618dd54ca8739b309ec4fc024de578b",
        "type": "github"
      },
      "original": {
        "owner": "numtide",
        "repo": "flake-utils",
        "type": "github"
      }
    },
    "flake-utils_2": {
      "inputs": {
        "systems": "systems_2"
      },
      "locked": {
        "lastModified": 1731533236,
        "narHash": "sha256-l0KFg5HjrsfsO/JpG+r7fRrqm12kzFHyUHqHCVpMMbI=",
        "owner": "numtide",
        "repo": "flake-utils",
        "rev": "11707dc2f618dd54ca8739b309ec4fc024de578b",
        "type": "github"
      },
      "original": {
        "owner": "numtide",
        "repo": "flake-utils",
        "type": "github"
      }
    },
    "flake-utils_3": {
      "inputs": {
        "systems": "systems_3"
      },
      "locked": {
        "lastModified": 1731533236,
        "narHash": "sha256-l0KFg5HjrsfsO/JpG+r7fRrqm12kzFHyUHqHCVpMMbI=",
        "owner": "numtide",
        "repo": "flake-utils",
        "rev": "11707dc2f618dd54ca8739b309ec4fc024de578b",
        "type": "github"
      },
      "original": {
        "owner": "numtide",
        "repo": "flake-utils",
        "type": "github"
      }
    },
    "git-hooks": {
      "inputs": {
        "flake-compat": [
          "crate2nix",
          "cachix",
          "flake-compat"
        ],
        "gitignore": "gitignore",
        "nixpkgs": [
          "crate2nix",
          "cachix",
          "nixpkgs"
        ]
      },
      "locked": {
        "lastModified": 1765404074,
        "narHash": "sha256-+ZDU2d+vzWkEJiqprvV5PR26DVFN2vgddwG5SnPZcUM=",
        "owner": "cachix",
        "repo": "git-hooks.nix",
        "rev": "2d6f58930fbcd82f6f9fd59fb6d13e37684ca529",
        "type": "github"
      },
      "original": {
        "owner": "cachix",
        "repo": "git-hooks.nix",
        "type": "github"
      }
    },
    "gitignore": {
      "inputs": {
        "nixpkgs": [
          "crate2nix",
          "cachix",
          "git-hooks",
          "nixpkgs"
        ]
      },
      "locked": {
        "lastModified": 1709087332,
        "narHash": "sha256-HG2cCnktfHsKV0s4XW83gU3F57gaTljL9KNSuG6bnQs=",
        "owner": "hercules-ci",
        "repo": "gitignore.nix",
        "rev": "637db329424fd7e46cf4185293b9cc8c88c95394",
        "type": "github"
      },
      "original": {
        "owner": "hercules-ci",
        "repo": "gitignore.nix",
        "type": "github"
      }
    },
    "gitignore_2": {
      "inputs": {
        "nixpkgs": [
          "crate2nix",
          "pre-commit-hooks",
          "nixpkgs"
        ]
      },
      "locked": {
        "lastModified": 1709087332,
        "narHash": "sha256-HG2cCnktfHsKV0s4XW83gU3F57gaTljL9KNSuG6bnQs=",
        "owner": "hercules-ci",
        "repo": "gitignore.nix",
        "rev": "637db329424fd7e46cf4185293b9cc8c88c95394",
        "type": "github"
      },
      "original": {
        "owner": "hercules-ci",
        "repo": "gitignore.nix",
        "type": "github"
      }
    },
    "microvm": {
      "inputs": {
        "nixpkgs": [
          "nixpkgs"
        ],
        "spectrum": "spectrum"
      },
      "locked": {
        "lastModified": 1786300091,
        "narHash": "sha256-4UFJOVGpaYtHW5yasSv80MaJxTBYdk2zyf3jhKtt0wA=",
        "owner": "microvm-nix",
        "repo": "microvm.nix",
        "rev": "71beea0076cd46dafcee97a5a2e7d00cbba5bd2f",
        "type": "github"
      },
      "original": {
        "owner": "microvm-nix",
        "repo": "microvm.nix",
        "type": "github"
      }
    },
    "nix-appimage": {
      "inputs": {
        "flake-compat": "flake-compat_2",
        "flake-utils": "flake-utils_2",
        "nixpkgs": [
          "nixpkgs"
        ]
      },
      "locked": {
        "lastModified": 1757920913,
        "narHash": "sha256-jd0QwCVz4O1sHHkeaZILD/7D6oyalceEJ4EFnWCgm0k=",
        "owner": "ralismark",
        "repo": "nix-appimage",
        "rev": "7946addbc0d97e358a6d7aefe5e82310f0fe6b18",
        "type": "github"
      },
      "original": {
        "owner": "ralismark",
        "repo": "nix-appimage",
        "type": "github"
      }
    },
    "nix-test-runner": {
      "flake": false,
      "locked": {
        "lastModified": 1588761593,
        "narHash": "sha256-FKJykltAN/g3eIceJl4SfDnnyuH2jHImhMrXS2KvGIs=",
        "owner": "stoeffel",
        "repo": "nix-test-runner",
        "rev": "c45d45b11ecef3eb9d834c3b6304c05c49b06ca2",
        "type": "github"
      },
      "original": {
        "owner": "stoeffel",
        "repo": "nix-test-runner",
        "type": "github"
      }
    },
    "nix-xcodeenvtests": {
      "flake": false,
      "locked": {
        "lastModified": 1570998936,
        "narHash": "sha256-xh1jtdqWXSYJqWB30IkB+FbwCrF9qh+bYD/kOzgOpUc=",
        "owner": "svanderburg",
        "repo": "nix-xcodeenvtests",
        "rev": "ef4ef24802fa3822100ed3e1628307b20017711e",
        "type": "github"
      },
      "original": {
        "owner": "svanderburg",
        "repo": "nix-xcodeenvtests",
        "type": "github"
      }
    },
    "nixpkgs": {
      "locked": {
        "lastModified": 1765186076,
        "narHash": "sha256-hM20uyap1a0M9d344I692r+ik4gTMyj60cQWO+hAYP8=",
        "owner": "NixOS",
        "repo": "nixpkgs",
        "rev": "addf7cf5f383a3101ecfba091b98d0a1263dc9b8",
        "type": "github"
      },
      "original": {
        "owner": "NixOS",
        "ref": "nixos-unstable",
        "repo": "nixpkgs",
        "type": "github"
      }
    },
    "nixpkgs_2": {
      "locked": {
        "lastModified": 1787172299,
        "narHash": "sha256-PShzS87awOlE5XWkxUGBd/58/F+AtE2ZMgFffKj4r8s=",
        "owner": "NixOS",
        "repo": "nixpkgs",
        "rev": "07e1d92cdc0ed416cfa11ff3ca40d17e61cfba7a",
        "type": "github"
      },
      "original": {
        "owner": "NixOS",
        "ref": "nixpkgs-unstable",
        "repo": "nixpkgs",
        "type": "github"
      }
    },
    "pre-commit-hooks": {
      "inputs": {
        "flake-compat": [
          "crate2nix",
          "flake-compat"
        ],
        "gitignore": "gitignore_2",
        "nixpkgs": [
          "crate2nix",
          "nixpkgs"
        ]
      },
      "locked": {
        "lastModified": 1769069492,
        "narHash": "sha256-Efs3VUPelRduf3PpfPP2ovEB4CXT7vHf8W+xc49RL/U=",
        "owner": "cachix",
        "repo": "pre-commit-hooks.nix",
        "rev": "a1ef738813b15cf8ec759bdff5761b027e3e1d23",
        "type": "github"
      },
      "original": {
        "owner": "cachix",
        "repo": "pre-commit-hooks.nix",
        "type": "github"
      }
    },
    "root": {
      "inputs": {
        "android-nixpkgs": "android-nixpkgs",
        "crate2nix": "crate2nix",
        "microvm": "microvm",
        "nix-appimage": "nix-appimage",
        "nix-xcodeenvtests": "nix-xcodeenvtests",
        "nixpkgs": "nixpkgs_2",
        "rust-overlay": "rust-overlay",
        "wwn-containers": "wwn-containers",
        "wwn-coreutils": "wwn-coreutils",
        "wwn-fastfetch": "wwn-fastfetch",
        "wwn-foot": "wwn-foot",
        "wwn-iland": "wwn-iland",
        "wwn-iowatchdog": "wwn-iowatchdog",
        "wwn-kmscube": "wwn-kmscube",
        "wwn-neovim": "wwn-neovim",
        "wwn-niri": "wwn-niri",
        "wwn-phoon-rs": "wwn-phoon-rs",
        "wwn-ssh": "wwn-ssh",
        "wwn-swinging-bridge": "wwn-swinging-bridge",
        "wwn-toolchain": "wwn-toolchain",
        "wwn-vms": "wwn-vms",
        "wwn-wasm": "wwn-wasm",
        "wwn-waypipe": "wwn-waypipe",
        "wwn-weston": "wwn-weston",
        "wwn-zsh": "wwn-zsh"
      }
    },
    "rust-overlay": {
      "inputs": {
        "nixpkgs": [
          "nixpkgs"
        ]
      },
      "locked": {
        "lastModified": 1787246814,
        "narHash": "sha256-pEd4/iPY3Zm/EhhHmeB1QnIWXJSLx7gJzD/05mm2MCo=",
        "owner": "oxalica",
        "repo": "rust-overlay",
        "rev": "c84e121aaede7ef8c7bd9fb5154ccc1599e07816",
        "type": "github"
      },
      "original": {
        "owner": "oxalica",
        "repo": "rust-overlay",
        "type": "github"
      }
    },
    "rust-overlay_10": {
      "inputs": {
        "nixpkgs": [
          "wwn-zsh",
          "nixpkgs"
        ]
      },
      "locked": {
        "lastModified": 1782530211,
        "narHash": "sha256-Zn5H2VVMaP79C+bvaUQD+SBXSKoTnURMZGiUrG00zII=",
        "owner": "oxalica",
        "repo": "rust-overlay",
        "rev": "06ba695dfefc4afc513b49dfc41c4bf0dd2eaeb1",
        "type": "github"
      },
      "original": {
        "owner": "oxalica",
        "repo": "rust-overlay",
        "type": "github"
      }
    },
    "rust-overlay_2": {
      "inputs": {
        "nixpkgs": [
          "wwn-coreutils",
          "nixpkgs"
        ]
      },
      "locked": {
        "lastModified": 1782530211,
        "narHash": "sha256-Zn5H2VVMaP79C+bvaUQD+SBXSKoTnURMZGiUrG00zII=",
        "owner": "oxalica",
        "repo": "rust-overlay",
        "rev": "06ba695dfefc4afc513b49dfc41c4bf0dd2eaeb1",
        "type": "github"
      },
      "original": {
        "owner": "oxalica",
        "repo": "rust-overlay",
        "type": "github"
      }
    },
    "rust-overlay_3": {
      "inputs": {
        "nixpkgs": [
          "wwn-fastfetch",
          "nixpkgs"
        ]
      },
      "locked": {
        "lastModified": 1782530211,
        "narHash": "sha256-Zn5H2VVMaP79C+bvaUQD+SBXSKoTnURMZGiUrG00zII=",
        "owner": "oxalica",
        "repo": "rust-overlay",
        "rev": "06ba695dfefc4afc513b49dfc41c4bf0dd2eaeb1",
        "type": "github"
      },
      "original": {
        "owner": "oxalica",
        "repo": "rust-overlay",
        "type": "github"
      }
    },
    "rust-overlay_4": {
      "inputs": {
        "nixpkgs": [
          "wwn-foot",
          "nixpkgs"
        ]
      },
      "locked": {
        "lastModified": 1782530211,
        "narHash": "sha256-Zn5H2VVMaP79C+bvaUQD+SBXSKoTnURMZGiUrG00zII=",
        "owner": "oxalica",
        "repo": "rust-overlay",
        "rev": "06ba695dfefc4afc513b49dfc41c4bf0dd2eaeb1",
        "type": "github"
      },
      "original": {
        "owner": "oxalica",
        "repo": "rust-overlay",
        "type": "github"
      }
    },
    "rust-overlay_5": {
      "inputs": {
        "nixpkgs": [
          "wwn-iland",
          "nixpkgs"
        ]
      },
      "locked": {
        "lastModified": 1782530211,
        "narHash": "sha256-Zn5H2VVMaP79C+bvaUQD+SBXSKoTnURMZGiUrG00zII=",
        "owner": "oxalica",
        "repo": "rust-overlay",
        "rev": "06ba695dfefc4afc513b49dfc41c4bf0dd2eaeb1",
        "type": "github"
      },
      "original": {
        "owner": "oxalica",
        "repo": "rust-overlay",
        "type": "github"
      }
    },
    "rust-overlay_6": {
      "inputs": {
        "nixpkgs": [
          "wwn-kmscube",
          "nixpkgs"
        ]
      },
      "locked": {
        "lastModified": 1782530211,
        "narHash": "sha256-Zn5H2VVMaP79C+bvaUQD+SBXSKoTnURMZGiUrG00zII=",
        "owner": "oxalica",
        "repo": "rust-overlay",
        "rev": "06ba695dfefc4afc513b49dfc41c4bf0dd2eaeb1",
        "type": "github"
      },
      "original": {
        "owner": "oxalica",
        "repo": "rust-overlay",
        "type": "github"
      }
    },
    "rust-overlay_7": {
      "inputs": {
        "nixpkgs": [
          "wwn-neovim",
          "nixpkgs"
        ]
      },
      "locked": {
        "lastModified": 1782530211,
        "narHash": "sha256-Zn5H2VVMaP79C+bvaUQD+SBXSKoTnURMZGiUrG00zII=",
        "owner": "oxalica",
        "repo": "rust-overlay",
        "rev": "06ba695dfefc4afc513b49dfc41c4bf0dd2eaeb1",
        "type": "github"
      },
      "original": {
        "owner": "oxalica",
        "repo": "rust-overlay",
        "type": "github"
      }
    },
    "rust-overlay_8": {
      "inputs": {
        "nixpkgs": [
          "wwn-waypipe",
          "nixpkgs"
        ]
      },
      "locked": {
        "lastModified": 1782530211,
        "narHash": "sha256-Zn5H2VVMaP79C+bvaUQD+SBXSKoTnURMZGiUrG00zII=",
        "owner": "oxalica",
        "repo": "rust-overlay",
        "rev": "06ba695dfefc4afc513b49dfc41c4bf0dd2eaeb1",
        "type": "github"
      },
      "original": {
        "owner": "oxalica",
        "repo": "rust-overlay",
        "type": "github"
      }
    },
    "rust-overlay_9": {
      "inputs": {
        "nixpkgs": [
          "wwn-weston",
          "nixpkgs"
        ]
      },
      "locked": {
        "lastModified": 1782530211,
        "narHash": "sha256-Zn5H2VVMaP79C+bvaUQD+SBXSKoTnURMZGiUrG00zII=",
        "owner": "oxalica",
        "repo": "rust-overlay",
        "rev": "06ba695dfefc4afc513b49dfc41c4bf0dd2eaeb1",
        "type": "github"
      },
      "original": {
        "owner": "oxalica",
        "repo": "rust-overlay",
        "type": "github"
      }
    },
    "spectrum": {
      "flake": false,
      "locked": {
        "lastModified": 1785761586,
        "narHash": "sha256-MWOMVqJJERwjQGgRIv8d6rlEBqbLM3VZWxHkNKIIZNw=",
        "ref": "refs/heads/main",
        "rev": "a7762d6f54b40560dd5255ce902e6e6a5d980fe9",
        "revCount": 1416,
        "type": "git",
        "url": "https://spectrum-os.org/git/spectrum"
      },
      "original": {
        "type": "git",
        "url": "https://spectrum-os.org/git/spectrum"
      }
    },
    "systems": {
      "locked": {
        "lastModified": 1681028828,
        "narHash": "sha256-Vy1rq5AaRuLzOxct8nz4T6wlgyUR7zLU309k9mBC768=",
        "owner": "nix-systems",
        "repo": "default",
        "rev": "da67096a3b9bf56a91d16901293e51ba5b49a27e",
        "type": "github"
      },
      "original": {
        "owner": "nix-systems",
        "repo": "default",
        "type": "github"
      }
    },
    "systems_2": {
      "locked": {
        "lastModified": 1681028828,
        "narHash": "sha256-Vy1rq5AaRuLzOxct8nz4T6wlgyUR7zLU309k9mBC768=",
        "owner": "nix-systems",
        "repo": "default",
        "rev": "da67096a3b9bf56a91d16901293e51ba5b49a27e",
        "type": "github"
      },
      "original": {
        "owner": "nix-systems",
        "repo": "default",
        "type": "github"
      }
    },
    "systems_3": {
      "locked": {
        "lastModified": 1681028828,
        "narHash": "sha256-Vy1rq5AaRuLzOxct8nz4T6wlgyUR7zLU309k9mBC768=",
        "owner": "nix-systems",
        "repo": "default",
        "rev": "da67096a3b9bf56a91d16901293e51ba5b49a27e",
        "type": "github"
      },
      "original": {
        "owner": "nix-systems",
        "repo": "default",
        "type": "github"
      }
    },
    "wwn-containers": {
      "inputs": {
        "nixpkgs": [
          "nixpkgs"
        ],
        "rust-overlay": [
          "rust-overlay"
        ],
        "wwn-toolchain": [
          "wwn-toolchain"
        ],
        "wwn-vms": [
          "wwn-vms"
        ]
      },
      "locked": {
        "lastModified": 1786849240,
        "narHash": "sha256-1KSenTtOalJFixPAXQ13yiri/XOVVe1eiGjYGqKAAY4=",
        "rev": "23fe45117a9aa062acb2c94728630443a4d7c817",
        "revCount": 20,
        "type": "tarball",
        "url": "https://api.flakehub.com/f/pinned/Wawona/wwn-containers/0.1.20%2Brev-23fe45117a9aa062acb2c94728630443a4d7c817/01a00885-31c8-7862-b540-5567bd953f50/source.tar.gz"
      },
      "original": {
        "type": "tarball",
        "url": "https://flakehub.com/f/Wawona/wwn-containers/%2A"
      }
    },
    "wwn-coreutils": {
      "inputs": {
        "nixpkgs": [
          "nixpkgs"
        ],
        "rust-overlay": "rust-overlay_2",
        "wwn-toolchain": [
          "wwn-toolchain"
        ]
      },
      "locked": {
        "lastModified": 1786849256,
        "narHash": "sha256-q6NOkEiRCLhtd7eEtlKPhBpTu+A+2gmRIvGoiHbStnk=",
        "rev": "0fdd89cb8df884d225d720b33872b1a51b6ea54c",
        "revCount": 10,
        "type": "tarball",
        "url": "https://api.flakehub.com/f/pinned/Wawona/wwn-coreutils/0.1.10%2Brev-0fdd89cb8df884d225d720b33872b1a51b6ea54c/01a00885-2f8a-76d0-9c51-35a84cb85df2/source.tar.gz"
      },
      "original": {
        "type": "tarball",
        "url": "https://flakehub.com/f/Wawona/wwn-coreutils/%2A"
      }
    },
    "wwn-fastfetch": {
      "inputs": {
        "nixpkgs": [
          "nixpkgs"
        ],
        "rust-overlay": "rust-overlay_3",
        "wwn-toolchain": [
          "wwn-toolchain"
        ]
      },
      "locked": {
        "lastModified": 1786849258,
        "narHash": "sha256-rF7Q7TUMSLcYA11qWy9ty87035ehE0/gZTX+gR/Fyi4=",
        "rev": "e38efc20f2622587b1ee5b44fc6585cf0c7d6a81",
        "revCount": 17,
        "type": "tarball",
        "url": "https://api.flakehub.com/f/pinned/Wawona/wwn-fastfetch/0.1.17%2Brev-e38efc20f2622587b1ee5b44fc6585cf0c7d6a81/01a00885-3910-7e40-937c-2370cb9cec5c/source.tar.gz"
      },
      "original": {
        "type": "tarball",
        "url": "https://flakehub.com/f/Wawona/wwn-fastfetch/%2A"
      }
    },
    "wwn-foot": {
      "inputs": {
        "nixpkgs": [
          "nixpkgs"
        ],
        "rust-overlay": "rust-overlay_4",
        "wwn-toolchain": [
          "wwn-toolchain"
        ]
      },
      "locked": {
        "lastModified": 1786984429,
        "narHash": "sha256-KhBeY5DTm+UdIse7o+nCCQ/4oygGHjhTkSnhhIzsYMo=",
        "rev": "05697c5d244f19436ced534e0f0e7d53665dd2c0",
        "revCount": 17,
        "type": "tarball",
        "url": "https://api.flakehub.com/f/pinned/Wawona/wwn-foot/0.1.17%2Brev-05697c5d244f19436ced534e0f0e7d53665dd2c0/01a01093-41ad-7861-8593-9673371a304d/source.tar.gz"
      },
      "original": {
        "type": "tarball",
        "url": "https://flakehub.com/f/Wawona/wwn-foot/%2A"
      }
    },
    "wwn-iland": {
      "inputs": {
        "nixpkgs": [
          "nixpkgs"
        ],
        "rust-overlay": "rust-overlay_5",
        "wwn-toolchain": [
          "wwn-toolchain"
        ]
      },
      "locked": {
        "lastModified": 1787091516,
        "narHash": "sha256-EjEZs8tmr9GrxI9HxlOW1AZ8A46ADiCjcS9cv5Fanb0=",
        "owner": "Wawona",
        "repo": "wwn-iland",
        "rev": "1bcb1fffe0e2d9cc1ac2881dc6c89c33648c6264",
        "type": "github"
      },
      "original": {
        "owner": "Wawona",
        "ref": "development",
        "repo": "wwn-iland",
        "type": "github"
      }
    },
    "wwn-iland_2": {
      "inputs": {
        "nixpkgs": [
          "wwn-waypipe",
          "nixpkgs"
        ],
        "rust-overlay": [
          "wwn-waypipe",
          "rust-overlay"
        ],
        "wwn-toolchain": [
          "wwn-waypipe",
          "wwn-toolchain"
        ]
      },
      "locked": {
        "lastModified": 1786606319,
        "narHash": "sha256-w/o7I/5w/ipAPcAzcrP6HQ2IFoJkhxQYsva9p7glvXk=",
        "rev": "b65fb5e1acdaf9fc784180b9fb7c737ced958f04",
        "revCount": 66,
        "type": "tarball",
        "url": "https://api.flakehub.com/f/pinned/Wawona/wwn-iland/0.1.66%2Brev-b65fb5e1acdaf9fc784180b9fb7c737ced958f04/019ffa09-d33d-7d01-8376-dcf2b817efd3/source.tar.gz"
      },
      "original": {
        "type": "tarball",
        "url": "https://flakehub.com/f/Wawona/wwn-iland/%2A"
      }
    },
    "wwn-iowatchdog": {
      "inputs": {
        "nixpkgs": [
          "nixpkgs"
        ]
      },
      "locked": {
        "lastModified": 1787260548,
        "narHash": "sha256-TCb/QLZv8IcuMwSpCyrrv4eGwS7DTQM5JGKsn1KStW0=",
        "owner": "Wawona",
        "repo": "wwn-iowatchdog",
        "rev": "02e897d64f437ff9c7b7c955d76728153a2f5c1b",
        "type": "github"
      },
      "original": {
        "owner": "Wawona",
        "ref": "development",
        "repo": "wwn-iowatchdog",
        "type": "github"
      }
    },
    "wwn-kmscube": {
      "inputs": {
        "nixpkgs": [
          "nixpkgs"
        ],
        "rust-overlay": "rust-overlay_6",
        "wwn-iland": [
          "wwn-iland"
        ],
        "wwn-toolchain": [
          "wwn-toolchain"
        ]
      },
      "locked": {
        "lastModified": 1786849264,
        "narHash": "sha256-bWFxA3XI577o5BtgkrEO3l9KQ90yzvDmnYJ6WHYrJSU=",
        "rev": "3b5e58e95b434bf1d561b01f00a5cff8f949ac8d",
        "revCount": 35,
        "type": "tarball",
        "url": "https://api.flakehub.com/f/pinned/Wawona/wwn-kmscube/0.1.35%2Brev-3b5e58e95b434bf1d561b01f00a5cff8f949ac8d/01a00884-c93b-75b0-bc81-88a7a9aa98d3/source.tar.gz"
      },
      "original": {
        "type": "tarball",
        "url": "https://flakehub.com/f/Wawona/wwn-kmscube/%2A"
      }
    },
    "wwn-neovim": {
      "inputs": {
        "nixpkgs": [
          "nixpkgs"
        ],
        "rust-overlay": "rust-overlay_7",
        "wwn-toolchain": [
          "wwn-toolchain"
        ]
      },
      "locked": {
        "lastModified": 1786849268,
        "narHash": "sha256-PfJI4k5XuqXfsIUn5P87RzIGoDZEUQCYRBjWlrsG0es=",
        "rev": "86522c0c06858cbe7c50f04fc0aec859c237dada",
        "revCount": 11,
        "type": "tarball",
        "url": "https://api.flakehub.com/f/pinned/Wawona/wwn-neovim/0.1.11%2Brev-86522c0c06858cbe7c50f04fc0aec859c237dada/01a00885-502d-79b2-a878-a08aa2064338/source.tar.gz"
      },
      "original": {
        "type": "tarball",
        "url": "https://flakehub.com/f/Wawona/wwn-neovim/%2A"
      }
    },
    "wwn-niri": {
      "inputs": {
        "nixpkgs": [
          "nixpkgs"
        ],
        "rust-overlay": [
          "rust-overlay"
        ],
        "wwn-toolchain": [
          "wwn-toolchain"
        ]
      },
      "locked": {
        "lastModified": 1786914600,
        "narHash": "sha256-Fbs5eof2NBJk02GIacTT5yuO3vtRM/8BzTLBQEruHkI=",
        "rev": "b94172f05781cc492e7ada47303178a19c27665c",
        "revCount": 20,
        "type": "tarball",
        "url": "https://api.flakehub.com/f/pinned/Wawona/wwn-niri/0.1.20%2Brev-b94172f05781cc492e7ada47303178a19c27665c/01a00c69-ffa4-78f0-9c81-e305fa6d7ba9/source.tar.gz"
      },
      "original": {
        "type": "tarball",
        "url": "https://flakehub.com/f/Wawona/wwn-niri/%2A"
      }
    },
    "wwn-phoon-rs": {
      "inputs": {
        "nixpkgs": [
          "nixpkgs"
        ],
        "rust-overlay": [
          "rust-overlay"
        ],
        "wwn-toolchain": [
          "wwn-toolchain"
        ]
      },
      "locked": {
        "lastModified": 1786849272,
        "narHash": "sha256-6va4IIfrAo2mUYrimLq0F7KFmkX50INVVVnSWhynyWM=",
        "rev": "ad1ebae97085bf171c98a948f6fe62e79e739a74",
        "revCount": 8,
        "type": "tarball",
        "url": "https://api.flakehub.com/f/pinned/Wawona/wwn-phoon-rs/0.1.8%2Brev-ad1ebae97085bf171c98a948f6fe62e79e739a74/01a00885-67fa-7391-a27d-9c4a806693cc/source.tar.gz"
      },
      "original": {
        "type": "tarball",
        "url": "https://flakehub.com/f/Wawona/wwn-phoon-rs/%2A"
      }
    },
    "wwn-ssh": {
      "inputs": {
        "nixpkgs": [
          "nixpkgs"
        ],
        "rust-overlay": [
          "rust-overlay"
        ],
        "wwn-toolchain": [
          "wwn-toolchain"
        ]
      },
      "locked": {
        "lastModified": 1786849273,
        "narHash": "sha256-SiY693xY9v3RFGfMwleHCu8mZrcpJ+0dltFtUr/Lzm4=",
        "rev": "d0d3a41062261631d1cd19d081c5c478a7636cb5",
        "revCount": 15,
        "type": "tarball",
        "url": "https://api.flakehub.com/f/pinned/Wawona/wwn-ssh/0.1.15%2Brev-d0d3a41062261631d1cd19d081c5c478a7636cb5/01a00885-9004-7803-857e-b6f3445f9d2a/source.tar.gz"
      },
      "original": {
        "type": "tarball",
        "url": "https://flakehub.com/f/Wawona/wwn-ssh/%2A"
      }
    },
    "wwn-swinging-bridge": {
      "inputs": {
        "nixpkgs": [
          "nixpkgs"
        ],
        "rust-overlay": [
          "rust-overlay"
        ],
        "wwn-toolchain": [
          "wwn-toolchain"
        ]
      },
      "locked": {
        "lastModified": 1786919114,
        "narHash": "sha256-Oe5DvOJ9S716nfau5dLW011ArMhRjq+uVPNofsDZzd4=",
        "owner": "Wawona",
        "repo": "Wawona-Swinging-Bridge",
        "rev": "24d6f8b32900ebf0437a7fca0a2b111ddc414252",
        "type": "github"
      },
      "original": {
        "owner": "Wawona",
        "repo": "Wawona-Swinging-Bridge",
        "type": "github"
      }
    },
    "wwn-toolchain": {
      "inputs": {
        "android-nixpkgs": "android-nixpkgs_2",
        "nixpkgs": [
          "nixpkgs"
        ],
        "rust-overlay": [
          "rust-overlay"
        ]
      },
      "locked": {
        "lastModified": 1787064924,
        "narHash": "sha256-OsyLzl8sXYXEC1yEgUFG3y9LwscwCTr/m6rcrJXweKs=",
        "rev": "2ef4b892604563719b5cc459b07b0e07b87de21c",
        "revCount": 58,
        "type": "tarball",
        "url": "https://api.flakehub.com/f/pinned/Wawona/wwn-toolchain/0.1.58%2Brev-2ef4b892604563719b5cc459b07b0e07b87de21c/01a0155f-7a16-7593-af01-d280a2adc72d/source.tar.gz"
      },
      "original": {
        "type": "tarball",
        "url": "https://flakehub.com/f/Wawona/wwn-toolchain/%2A"
      }
    },
    "wwn-vms": {
      "inputs": {
        "microvm": [
          "microvm"
        ],
        "nixpkgs": [
          "nixpkgs"
        ],
        "rust-overlay": [
          "rust-overlay"
        ],
        "wwn-toolchain": [
          "wwn-toolchain"
        ]
      },
      "locked": {
        "lastModified": 1786849277,
        "narHash": "sha256-4M9+oDLJn3Zuyga666SF4ivTqMxf837hlQ0js35ZgRU=",
        "rev": "95f5dca747c5524ef85408fe32df4ac8201f3483",
        "revCount": 31,
        "type": "tarball",
        "url": "https://api.flakehub.com/f/pinned/Wawona/wwn-vms/0.1.31%2Brev-95f5dca747c5524ef85408fe32df4ac8201f3483/01a00885-8173-7171-8569-bd8628e317e1/source.tar.gz"
      },
      "original": {
        "type": "tarball",
        "url": "https://flakehub.com/f/Wawona/wwn-vms/%2A"
      }
    },
    "wwn-wasm": {
      "inputs": {
        "nixpkgs": [
          "nixpkgs"
        ],
        "rust-overlay": [
          "rust-overlay"
        ],
        "wwn-toolchain": [
          "wwn-toolchain"
        ]
      },
      "locked": {
        "lastModified": 1786992239,
        "narHash": "sha256-lfaGUUaRPOb7ffwXHqyckOf0mE2Fezx20xyecgBdSzY=",
        "owner": "Wawona",
        "repo": "wwn-wasm",
        "rev": "1198746f44fe77435227b2700882d44169356843",
        "type": "github"
      },
      "original": {
        "owner": "Wawona",
        "repo": "wwn-wasm",
        "type": "github"
      }
    },
    "wwn-waypipe": {
      "inputs": {
        "nixpkgs": [
          "nixpkgs"
        ],
        "rust-overlay": "rust-overlay_8",
        "wwn-iland": "wwn-iland_2",
        "wwn-ssh": [
          "wwn-ssh"
        ],
        "wwn-toolchain": [
          "wwn-toolchain"
        ]
      },
      "locked": {
        "lastModified": 1786919453,
        "narHash": "sha256-VW+sLioLQObLS7kZkybSj+yttQ+4Wdmoki1UzN1gdp8=",
        "rev": "b39f3ac07a9a8f1f620c57d612943ceebb27a5fe",
        "revCount": 23,
        "type": "tarball",
        "url": "https://api.flakehub.com/f/pinned/Wawona/wwn-waypipe/0.1.23%2Brev-b39f3ac07a9a8f1f620c57d612943ceebb27a5fe/01a00cb4-5c6c-7483-82b5-28e23e82d72a/source.tar.gz"
      },
      "original": {
        "type": "tarball",
        "url": "https://flakehub.com/f/Wawona/wwn-waypipe/%2A"
      }
    },
    "wwn-weston": {
      "inputs": {
        "nixpkgs": [
          "nixpkgs"
        ],
        "rust-overlay": "rust-overlay_9",
        "wwn-iland": [
          "wwn-iland"
        ],
        "wwn-kmscube": [
          "wwn-kmscube"
        ],
        "wwn-toolchain": [
          "wwn-toolchain"
        ]
      },
      "locked": {
        "lastModified": 1786989776,
        "narHash": "sha256-vTT0KSIB6b0M04r2noDPlvD+Fwi9AYsh0J0I1V88b9E=",
        "rev": "1bbd00ef5f2166cfee75e8e2f4a8d37fa9427b56",
        "revCount": 59,
        "type": "tarball",
        "url": "https://api.flakehub.com/f/pinned/Wawona/wwn-weston/0.1.59%2Brev-1bbd00ef5f2166cfee75e8e2f4a8d37fa9427b56/01a010e4-b163-7ca3-a47e-ef11e86af997/source.tar.gz"
      },
      "original": {
        "type": "tarball",
        "url": "https://flakehub.com/f/Wawona/wwn-weston/%2A"
      }
    },
    "wwn-zsh": {
      "inputs": {
        "nixpkgs": [
          "nixpkgs"
        ],
        "rust-overlay": "rust-overlay_10",
        "wwn-toolchain": [
          "wwn-toolchain"
        ]
      },
      "locked": {
        "lastModified": 1786849283,
        "narHash": "sha256-hq9/vMp8dmJ1VJ21HRhTZbOcdCg5qJgFttqhhgwTw+g=",
        "rev": "95c454ac77683a2ad86dbe0e399be42e235fadcb",
        "revCount": 23,
        "type": "tarball",
        "url": "https://api.flakehub.com/f/pinned/Wawona/wwn-zsh/0.1.23%2Brev-95c454ac77683a2ad86dbe0e399be42e235fadcb/01a00886-1602-7aa3-919b-11601271da4e/source.tar.gz"
      },
      "original": {
        "type": "tarball",
        "url": "https://flakehub.com/f/Wawona/wwn-zsh/%2A"
      }
    }
  },
  "root": "root",
  "version": 7
}
