{
  "nodes": {
    "android-nixpkgs": {
      "inputs": {
        "devshell": "devshell",
        "flake-utils": "flake-utils",
        "nixpkgs": [
          "nixpkgs"
        ]
      },
      "locked": {
        "lastModified": 1775076220,
        "narHash": "sha256-QlDAqxJAHakV7GYR97T4hx7trqMI08axwNkp9Db8U7Q=",
        "owner": "tadfisher",
        "repo": "android-nixpkgs",
        "rev": "5585cc3ee71bdd8d9ee255523f11b920138fa688",
        "type": "github"
      },
      "original": {
        "owner": "tadfisher",
        "repo": "android-nixpkgs",
        "rev": "5585cc3ee71bdd8d9ee255523f11b920138fa688",
        "type": "github"
      }
    },
    "android-nixpkgs_2": {
      "inputs": {
        "devshell": "devshell_3",
        "flake-utils": "flake-utils_3",
        "nixpkgs": [
          "wwn-toolchain",
          "nixpkgs"
        ]
      },
      "locked": {
        "lastModified": 1775076220,
        "narHash": "sha256-QlDAqxJAHakV7GYR97T4hx7trqMI08axwNkp9Db8U7Q=",
        "owner": "tadfisher",
        "repo": "android-nixpkgs",
        "rev": "5585cc3ee71bdd8d9ee255523f11b920138fa688",
        "type": "github"
      },
      "original": {
        "owner": "tadfisher",
        "repo": "android-nixpkgs",
        "rev": "5585cc3ee71bdd8d9ee255523f11b920138fa688",
        "type": "github"
      }
    },
    "cachix": {
      "inputs": {
        "devenv": [
          "crate2nix"
        ],
        "flake-compat": [
          "crate2nix"
        ],
        "git-hooks": "git-hooks",
        "nixpkgs": "nixpkgs"
      },
      "locked": {
        "lastModified": 1767714506,
        "narHash": "sha256-WaTs0t1CxhgxbIuvQ97OFhDTVUGd1HA+KzLZUZBhe0s=",
        "owner": "cachix",
        "repo": "cachix",
        "rev": "894c649f0daaa38bbcfb21de64be47dfa7cd0ec9",
        "type": "github"
      },
      "original": {
        "owner": "cachix",
        "ref": "latest",
        "repo": "cachix",
        "type": "github"
      }
    },
    "crate2nix": {
      "inputs": {
        "cachix": "cachix",
        "devshell": "devshell_2",
        "flake-compat": "flake-compat",
        "flake-parts": "flake-parts",
        "nix-test-runner": "nix-test-runner",
        "nixpkgs": [
          "nixpkgs"
        ],
        "pre-commit-hooks": "pre-commit-hooks"
      },
      "locked": {
        "lastModified": 1782759041,
        "narHash": "sha256-2577vxyoBa8+ZRiXr3CuPtOuEtPRYsFPSZuEc/KI/80=",
        "owner": "nix-community",
        "repo": "crate2nix",
        "rev": "5e1ecfd2d15b34ec90c2e51fdffbe8116595a767",
        "type": "github"
      },
      "original": {
        "owner": "nix-community",
        "repo": "crate2nix",
        "type": "github"
      }
    },
    "devshell": {
      "inputs": {
        "nixpkgs": [
          "android-nixpkgs",
          "nixpkgs"
        ]
      },
      "locked": {
        "lastModified": 1768818222,
        "narHash": "sha256-460jc0+CZfyaO8+w8JNtlClB2n4ui1RbHfPTLkpwhU8=",
        "owner": "numtide",
        "repo": "devshell",
        "rev": "255a2b1725a20d060f566e4755dbf571bbbb5f76",
        "type": "github"
      },
      "original": {
        "owner": "numtide",
        "repo": "devshell",
        "type": "github"
      }
    },
    "devshell_2": {
      "inputs": {
        "nixpkgs": [
          "crate2nix",
          "nixpkgs"
        ]
      },
      "locked": {
        "lastModified": 1768818222,
        "narHash": "sha256-460jc0+CZfyaO8+w8JNtlClB2n4ui1RbHfPTLkpwhU8=",
        "owner": "numtide",
        "repo": "devshell",
        "rev": "255a2b1725a20d060f566e4755dbf571bbbb5f76",
        "type": "github"
      },
      "original": {
        "owner": "numtide",
        "repo": "devshell",
        "type": "github"
      }
    },
    "devshell_3": {
      "inputs": {
        "nixpkgs": [
          "wwn-toolchain",
          "android-nixpkgs",
          "nixpkgs"
        ]
      },
      "locked": {
        "lastModified": 1768818222,
        "narHash": "sha256-460jc0+CZfyaO8+w8JNtlClB2n4ui1RbHfPTLkpwhU8=",
        "owner": "numtide",
        "repo": "devshell",
        "rev": "255a2b1725a20d060f566e4755dbf571bbbb5f76",
        "type": "github"
      },
      "original": {
        "owner": "numtide",
        "repo": "devshell",
        "type": "github"
      }
    },
    "flake-compat": {
      "locked": {
        "lastModified": 1733328505,
        "narHash": "sha256-NeCCThCEP3eCl2l/+27kNNK7QrwZB1IJCrXfrbv5oqU=",
        "rev": "ff81ac966bb2cae68946d5ed5fc4994f96d0ffec",
        "revCount": 69,
        "type": "tarball",
        "url": "https://api.flakehub.com/f/pinned/edolstra/flake-compat/1.1.0/01948eb7-9cba-704f-bbf3-3fa956735b52/source.tar.gz"
      },
      "original": {
        "type": "tarball",
        "url": "https://flakehub.com/f/edolstra/flake-compat/1.tar.gz"
      }
    },
    "flake-compat_2": {
      "flake": false,
      "locked": {
        "lastModified": 1733328505,
        "narHash": "sha256-NeCCThCEP3eCl2l/+27kNNK7QrwZB1IJCrXfrbv5oqU=",
        "owner": "edolstra",
        "repo": "flake-compat",
        "rev": "ff81ac966bb2cae68946d5ed5fc4994f96d0ffec",
        "type": "github"
      },
      "original": {
        "owner": "edolstra",
        "repo": "flake-compat",
        "type": "github"
      }
    },
    "flake-parts": {
      "inputs": {
        "nixpkgs-lib": [
          "crate2nix",
          "nixpkgs"
        ]
      },
      "locked": {
        "lastModified": 1768135262,
        "narHash": "sha256-PVvu7OqHBGWN16zSi6tEmPwwHQ4rLPU9Plvs8/1TUBY=",
        "owner": "hercules-ci",
        "repo": "flake-parts",
        "rev": "80daad04eddbbf5a4d883996a73f3f542fa437ac",
        "type": "github"
      },
      "original": {
        "owner": "hercules-ci",
        "repo": "flake-parts",
        "type": "github"
      }
    },
    "flake-utils": {
      "inputs": {
        "systems": "systems"
      },
      "locked": {
        "lastModified": 1731533236,
        "narHash": "sha256-l0KFg5HjrsfsO/JpG+r7fRrqm12kzFHyUHqHCVpMMbI=",
        "owner": "numtide",
        "repo": "flake-utils",
        "rev": "11707dc2f618dd54ca8739b309ec4fc024de578b",
        "type": "github"
      },
      "original": {
        "owner": "numtide",
        "repo": "flake-utils",
        "type": "github"
      }
    },
    "flake-utils_2": {
      "inputs": {
        "systems": "systems_2"
      },
      "locked": {
        "lastModified": 1731533236,
        "narHash": "sha256-l0KFg5HjrsfsO/JpG+r7fRrqm12kzFHyUHqHCVpMMbI=",
        "owner": "numtide",
        "repo": "flake-utils",
        "rev": "11707dc2f618dd54ca8739b309ec4fc024de578b",
        "type": "github"
      },
      "original": {
        "owner": "numtide",
        "repo": "flake-utils",
        "type": "github"
      }
    },
    "flake-utils_3": {
      "inputs": {
        "systems": "systems_3"
      },
      "locked": {
        "lastModified": 1731533236,
        "narHash": "sha256-l0KFg5HjrsfsO/JpG+r7fRrqm12kzFHyUHqHCVpMMbI=",
        "owner": "numtide",
        "repo": "flake-utils",
        "rev": "11707dc2f618dd54ca8739b309ec4fc024de578b",
        "type": "github"
      },
      "original": {
        "owner": "numtide",
        "repo": "flake-utils",
        "type": "github"
      }
    },
    "git-hooks": {
      "inputs": {
        "flake-compat": [
          "crate2nix",
          "cachix",
          "flake-compat"
        ],
        "gitignore": "gitignore",
        "nixpkgs": [
          "crate2nix",
          "cachix",
          "nixpkgs"
        ]
      },
      "locked": {
        "lastModified": 1765404074,
        "narHash": "sha256-+ZDU2d+vzWkEJiqprvV5PR26DVFN2vgddwG5SnPZcUM=",
        "owner": "cachix",
        "repo": "git-hooks.nix",
        "rev": "2d6f58930fbcd82f6f9fd59fb6d13e37684ca529",
        "type": "github"
      },
      "original": {
        "owner": "cachix",
        "repo": "git-hooks.nix",
        "type": "github"
      }
    },
    "gitignore": {
      "inputs": {
        "nixpkgs": [
          "crate2nix",
          "cachix",
          "git-hooks",
          "nixpkgs"
        ]
      },
      "locked": {
        "lastModified": 1709087332,
        "narHash": "sha256-HG2cCnktfHsKV0s4XW83gU3F57gaTljL9KNSuG6bnQs=",
        "owner": "hercules-ci",
        "repo": "gitignore.nix",
        "rev": "637db329424fd7e46cf4185293b9cc8c88c95394",
        "type": "github"
      },
      "original": {
        "owner": "hercules-ci",
        "repo": "gitignore.nix",
        "type": "github"
      }
    },
    "gitignore_2": {
      "inputs": {
        "nixpkgs": [
          "crate2nix",
          "pre-commit-hooks",
          "nixpkgs"
        ]
      },
      "locked": {
        "lastModified": 1709087332,
        "narHash": "sha256-HG2cCnktfHsKV0s4XW83gU3F57gaTljL9KNSuG6bnQs=",
        "owner": "hercules-ci",
        "repo": "gitignore.nix",
        "rev": "637db329424fd7e46cf4185293b9cc8c88c95394",
        "type": "github"
      },
      "original": {
        "owner": "hercules-ci",
        "repo": "gitignore.nix",
        "type": "github"
      }
    },
    "microvm": {
      "inputs": {
        "nixpkgs": [
          "nixpkgs"
        ],
        "spectrum": "spectrum"
      },
      "locked": {
        "lastModified": 1783451207,
        "narHash": "sha256-6+I67Kj47Ljwj8JGi8P3fSTxCBR+L0AauZTTmrrwLTs=",
        "owner": "microvm-nix",
        "repo": "microvm.nix",
        "rev": "c5a04bcc9d1f5a6ccafdcdf607bf49f70d5f7f20",
        "type": "github"
      },
      "original": {
        "owner": "microvm-nix",
        "repo": "microvm.nix",
        "type": "github"
      }
    },
    "nix-appimage": {
      "inputs": {
        "flake-compat": "flake-compat_2",
        "flake-utils": "flake-utils_2",
        "nixpkgs": [
          "nixpkgs"
        ]
      },
      "locked": {
        "lastModified": 1757920913,
        "narHash": "sha256-jd0QwCVz4O1sHHkeaZILD/7D6oyalceEJ4EFnWCgm0k=",
        "owner": "ralismark",
        "repo": "nix-appimage",
        "rev": "7946addbc0d97e358a6d7aefe5e82310f0fe6b18",
        "type": "github"
      },
      "original": {
        "owner": "ralismark",
        "repo": "nix-appimage",
        "type": "github"
      }
    },
    "nix-test-runner": {
      "flake": false,
      "locked": {
        "lastModified": 1588761593,
        "narHash": "sha256-FKJykltAN/g3eIceJl4SfDnnyuH2jHImhMrXS2KvGIs=",
        "owner": "stoeffel",
        "repo": "nix-test-runner",
        "rev": "c45d45b11ecef3eb9d834c3b6304c05c49b06ca2",
        "type": "github"
      },
      "original": {
        "owner": "stoeffel",
        "repo": "nix-test-runner",
        "type": "github"
      }
    },
    "nix-xcodeenvtests": {
      "flake": false,
      "locked": {
        "lastModified": 1570998936,
        "narHash": "sha256-xh1jtdqWXSYJqWB30IkB+FbwCrF9qh+bYD/kOzgOpUc=",
        "owner": "svanderburg",
        "repo": "nix-xcodeenvtests",
        "rev": "ef4ef24802fa3822100ed3e1628307b20017711e",
        "type": "github"
      },
      "original": {
        "owner": "svanderburg",
        "repo": "nix-xcodeenvtests",
        "type": "github"
      }
    },
    "nixpkgs": {
      "locked": {
        "lastModified": 1765186076,
        "narHash": "sha256-hM20uyap1a0M9d344I692r+ik4gTMyj60cQWO+hAYP8=",
        "owner": "NixOS",
        "repo": "nixpkgs",
        "rev": "addf7cf5f383a3101ecfba091b98d0a1263dc9b8",
        "type": "github"
      },
      "original": {
        "owner": "NixOS",
        "ref": "nixos-unstable",
        "repo": "nixpkgs",
        "type": "github"
      }
    },
    "nixpkgs_2": {
      "locked": {
        "lastModified": 1783279667,
        "narHash": "sha256-/NAkDSsve+GNM0Bt6tleJdCGfsTlK89nPjkVOzZMo0s=",
        "owner": "NixOS",
        "repo": "nixpkgs",
        "rev": "f205b5574fd0cb7da5b702a2da51507b7f4fdd1b",
        "type": "github"
      },
      "original": {
        "owner": "NixOS",
        "ref": "nixpkgs-unstable",
        "repo": "nixpkgs",
        "type": "github"
      }
    },
    "pre-commit-hooks": {
      "inputs": {
        "flake-compat": [
          "crate2nix",
          "flake-compat"
        ],
        "gitignore": "gitignore_2",
        "nixpkgs": [
          "crate2nix",
          "nixpkgs"
        ]
      },
      "locked": {
        "lastModified": 1769069492,
        "narHash": "sha256-Efs3VUPelRduf3PpfPP2ovEB4CXT7vHf8W+xc49RL/U=",
        "owner": "cachix",
        "repo": "pre-commit-hooks.nix",
        "rev": "a1ef738813b15cf8ec759bdff5761b027e3e1d23",
        "type": "github"
      },
      "original": {
        "owner": "cachix",
        "repo": "pre-commit-hooks.nix",
        "type": "github"
      }
    },
    "root": {
      "inputs": {
        "android-nixpkgs": "android-nixpkgs",
        "crate2nix": "crate2nix",
        "microvm": "microvm",
        "nix-appimage": "nix-appimage",
        "nix-xcodeenvtests": "nix-xcodeenvtests",
        "nixpkgs": "nixpkgs_2",
        "rust-overlay": "rust-overlay",
        "wwn-anowaW": "wwn-anowaW",
        "wwn-containers": "wwn-containers",
        "wwn-coreutils": "wwn-coreutils",
        "wwn-fastfetch": "wwn-fastfetch",
        "wwn-foot": "wwn-foot",
        "wwn-iland": "wwn-iland",
        "wwn-kmscube": "wwn-kmscube",
        "wwn-neovim": "wwn-neovim",
        "wwn-niri": "wwn-niri",
        "wwn-ssh": "wwn-ssh",
        "wwn-toolchain": "wwn-toolchain",
        "wwn-vms": "wwn-vms",
        "wwn-waypipe": "wwn-waypipe",
        "wwn-weston": "wwn-weston",
        "wwn-zsh": "wwn-zsh"
      }
    },
    "rust-overlay": {
      "inputs": {
        "nixpkgs": [
          "nixpkgs"
        ]
      },
      "locked": {
        "lastModified": 1783614422,
        "narHash": "sha256-zSX553aXiIKJHWzUF6nrDKgeNRlfNK/SdyNYSbs2nkM=",
        "owner": "oxalica",
        "repo": "rust-overlay",
        "rev": "e8e9d70b96113fd49ccde6c3e08fb260b6ef5dd6",
        "type": "github"
      },
      "original": {
        "owner": "oxalica",
        "repo": "rust-overlay",
        "type": "github"
      }
    },
    "rust-overlay_10": {
      "inputs": {
        "nixpkgs": [
          "wwn-zsh",
          "nixpkgs"
        ]
      },
      "locked": {
        "lastModified": 1782530211,
        "narHash": "sha256-Zn5H2VVMaP79C+bvaUQD+SBXSKoTnURMZGiUrG00zII=",
        "owner": "oxalica",
        "repo": "rust-overlay",
        "rev": "06ba695dfefc4afc513b49dfc41c4bf0dd2eaeb1",
        "type": "github"
      },
      "original": {
        "owner": "oxalica",
        "repo": "rust-overlay",
        "type": "github"
      }
    },
    "rust-overlay_2": {
      "inputs": {
        "nixpkgs": [
          "wwn-coreutils",
          "nixpkgs"
        ]
      },
      "locked": {
        "lastModified": 1782530211,
        "narHash": "sha256-Zn5H2VVMaP79C+bvaUQD+SBXSKoTnURMZGiUrG00zII=",
        "owner": "oxalica",
        "repo": "rust-overlay",
        "rev": "06ba695dfefc4afc513b49dfc41c4bf0dd2eaeb1",
        "type": "github"
      },
      "original": {
        "owner": "oxalica",
        "repo": "rust-overlay",
        "type": "github"
      }
    },
    "rust-overlay_3": {
      "inputs": {
        "nixpkgs": [
          "wwn-fastfetch",
          "nixpkgs"
        ]
      },
      "locked": {
        "lastModified": 1782530211,
        "narHash": "sha256-Zn5H2VVMaP79C+bvaUQD+SBXSKoTnURMZGiUrG00zII=",
        "owner": "oxalica",
        "repo": "rust-overlay",
        "rev": "06ba695dfefc4afc513b49dfc41c4bf0dd2eaeb1",
        "type": "github"
      },
      "original": {
        "owner": "oxalica",
        "repo": "rust-overlay",
        "type": "github"
      }
    },
    "rust-overlay_4": {
      "inputs": {
        "nixpkgs": [
          "wwn-foot",
          "nixpkgs"
        ]
      },
      "locked": {
        "lastModified": 1782530211,
        "narHash": "sha256-Zn5H2VVMaP79C+bvaUQD+SBXSKoTnURMZGiUrG00zII=",
        "owner": "oxalica",
        "repo": "rust-overlay",
        "rev": "06ba695dfefc4afc513b49dfc41c4bf0dd2eaeb1",
        "type": "github"
      },
      "original": {
        "owner": "oxalica",
        "repo": "rust-overlay",
        "type": "github"
      }
    },
    "rust-overlay_5": {
      "inputs": {
        "nixpkgs": [
          "wwn-iland",
          "nixpkgs"
        ]
      },
      "locked": {
        "lastModified": 1782530211,
        "narHash": "sha256-Zn5H2VVMaP79C+bvaUQD+SBXSKoTnURMZGiUrG00zII=",
        "owner": "oxalica",
        "repo": "rust-overlay",
        "rev": "06ba695dfefc4afc513b49dfc41c4bf0dd2eaeb1",
        "type": "github"
      },
      "original": {
        "owner": "oxalica",
        "repo": "rust-overlay",
        "type": "github"
      }
    },
    "rust-overlay_6": {
      "inputs": {
        "nixpkgs": [
          "wwn-kmscube",
          "nixpkgs"
        ]
      },
      "locked": {
        "lastModified": 1782530211,
        "narHash": "sha256-Zn5H2VVMaP79C+bvaUQD+SBXSKoTnURMZGiUrG00zII=",
        "owner": "oxalica",
        "repo": "rust-overlay",
        "rev": "06ba695dfefc4afc513b49dfc41c4bf0dd2eaeb1",
        "type": "github"
      },
      "original": {
        "owner": "oxalica",
        "repo": "rust-overlay",
        "type": "github"
      }
    },
    "rust-overlay_7": {
      "inputs": {
        "nixpkgs": [
          "wwn-neovim",
          "nixpkgs"
        ]
      },
      "locked": {
        "lastModified": 1782530211,
        "narHash": "sha256-Zn5H2VVMaP79C+bvaUQD+SBXSKoTnURMZGiUrG00zII=",
        "owner": "oxalica",
        "repo": "rust-overlay",
        "rev": "06ba695dfefc4afc513b49dfc41c4bf0dd2eaeb1",
        "type": "github"
      },
      "original": {
        "owner": "oxalica",
        "repo": "rust-overlay",
        "type": "github"
      }
    },
    "rust-overlay_8": {
      "inputs": {
        "nixpkgs": [
          "wwn-waypipe",
          "nixpkgs"
        ]
      },
      "locked": {
        "lastModified": 1782530211,
        "narHash": "sha256-Zn5H2VVMaP79C+bvaUQD+SBXSKoTnURMZGiUrG00zII=",
        "owner": "oxalica",
        "repo": "rust-overlay",
        "rev": "06ba695dfefc4afc513b49dfc41c4bf0dd2eaeb1",
        "type": "github"
      },
      "original": {
        "owner": "oxalica",
        "repo": "rust-overlay",
        "type": "github"
      }
    },
    "rust-overlay_9": {
      "inputs": {
        "nixpkgs": [
          "wwn-weston",
          "nixpkgs"
        ]
      },
      "locked": {
        "lastModified": 1782530211,
        "narHash": "sha256-Zn5H2VVMaP79C+bvaUQD+SBXSKoTnURMZGiUrG00zII=",
        "owner": "oxalica",
        "repo": "rust-overlay",
        "rev": "06ba695dfefc4afc513b49dfc41c4bf0dd2eaeb1",
        "type": "github"
      },
      "original": {
        "owner": "oxalica",
        "repo": "rust-overlay",
        "type": "github"
      }
    },
    "spectrum": {
      "flake": false,
      "locked": {
        "lastModified": 1783423582,
        "narHash": "sha256-4z10q9MX1irpGhLe+uYC6k7evEnyhb/z1eNeIf71B+g=",
        "rev": "0adfbcb6c12f35b33b8f47dc527587d4d20eeb93",
        "revCount": 1400,
        "type": "git",
        "url": "https://spectrum-os.org/git/spectrum"
      },
      "original": {
        "type": "git",
        "url": "https://spectrum-os.org/git/spectrum"
      }
    },
    "systems": {
      "locked": {
        "lastModified": 1681028828,
        "narHash": "sha256-Vy1rq5AaRuLzOxct8nz4T6wlgyUR7zLU309k9mBC768=",
        "owner": "nix-systems",
        "repo": "default",
        "rev": "da67096a3b9bf56a91d16901293e51ba5b49a27e",
        "type": "github"
      },
      "original": {
        "owner": "nix-systems",
        "repo": "default",
        "type": "github"
      }
    },
    "systems_2": {
      "locked": {
        "lastModified": 1681028828,
        "narHash": "sha256-Vy1rq5AaRuLzOxct8nz4T6wlgyUR7zLU309k9mBC768=",
        "owner": "nix-systems",
        "repo": "default",
        "rev": "da67096a3b9bf56a91d16901293e51ba5b49a27e",
        "type": "github"
      },
      "original": {
        "owner": "nix-systems",
        "repo": "default",
        "type": "github"
      }
    },
    "systems_3": {
      "locked": {
        "lastModified": 1681028828,
        "narHash": "sha256-Vy1rq5AaRuLzOxct8nz4T6wlgyUR7zLU309k9mBC768=",
        "owner": "nix-systems",
        "repo": "default",
        "rev": "da67096a3b9bf56a91d16901293e51ba5b49a27e",
        "type": "github"
      },
      "original": {
        "owner": "nix-systems",
        "repo": "default",
        "type": "github"
      }
    },
    "wwn-anowaW": {
      "inputs": {
        "nixpkgs": [
          "nixpkgs"
        ],
        "rust-overlay": [
          "rust-overlay"
        ],
        "wwn-toolchain": [
          "wwn-toolchain"
        ]
      },
      "locked": {
        "lastModified": 1784208983,
        "narHash": "sha256-puHyRtEjaY5Jtd7v9NmhgXZ0yKZIcQJE1u0lq291Xs0=",
        "owner": "Wawona",
        "repo": "wwn-anowaW",
        "rev": "ec73d19184f8c3c2cefe90bc3e135e2ef42a05e9",
        "type": "github"
      },
      "original": {
        "owner": "Wawona",
        "repo": "wwn-anowaW",
        "type": "github"
      }
    },
    "wwn-containers": {
      "inputs": {
        "nixpkgs": [
          "nixpkgs"
        ],
        "rust-overlay": [
          "rust-overlay"
        ],
        "wwn-toolchain": [
          "wwn-toolchain"
        ],
        "wwn-vms": [
          "wwn-vms"
        ]
      },
      "locked": {
        "lastModified": 1783347719,
        "narHash": "sha256-GPf2XbljFI/gb/kLYJ3gnE7JdeOzHpiYSdSpNXXmu8E=",
        "owner": "Wawona",
        "repo": "wwn-containers",
        "rev": "72b46400e4d06b033ff8e2b46b020a777e16eb38",
        "type": "github"
      },
      "original": {
        "owner": "Wawona",
        "repo": "wwn-containers",
        "type": "github"
      }
    },
    "wwn-coreutils": {
      "inputs": {
        "nixpkgs": [
          "nixpkgs"
        ],
        "rust-overlay": "rust-overlay_2",
        "wwn-toolchain": [
          "wwn-toolchain"
        ]
      },
      "locked": {
        "lastModified": 1784208981,
        "narHash": "sha256-IPWwyTK+V7osNvmoEjmoa7vK0zgAnKHtZFKxiv0paJA=",
        "owner": "Wawona",
        "repo": "wwn-coreutils",
        "rev": "37d1a1a610cb559b42ad7d9dc39151cd9802ecc8",
        "type": "github"
      },
      "original": {
        "owner": "Wawona",
        "repo": "wwn-coreutils",
        "type": "github"
      }
    },
    "wwn-fastfetch": {
      "inputs": {
        "nixpkgs": [
          "nixpkgs"
        ],
        "rust-overlay": "rust-overlay_3",
        "wwn-toolchain": [
          "wwn-toolchain"
        ]
      },
      "locked": {
        "lastModified": 1784208987,
        "narHash": "sha256-ZVB6vvG+V4NhpUxvv5h/LONFiIOYDFeb6Z7kPTSPq5E=",
        "owner": "Wawona",
        "repo": "wwn-fastfetch",
        "rev": "beeb7da6a7ccb34c98b7b033786f66a768e1d97f",
        "type": "github"
      },
      "original": {
        "owner": "Wawona",
        "repo": "wwn-fastfetch",
        "type": "github"
      }
    },
    "wwn-foot": {
      "inputs": {
        "nixpkgs": [
          "nixpkgs"
        ],
        "rust-overlay": "rust-overlay_4",
        "wwn-toolchain": [
          "wwn-toolchain"
        ]
      },
      "locked": {
        "lastModified": 1784782686,
        "narHash": "sha256-f9AfIU5hGd5l9J9xMdldyva6k5S8IoN793CZnErFtqo=",
        "owner": "Wawona",
        "repo": "wwn-foot",
        "rev": "f936982e0dc089c2a0e01cfec1488da8485e82bc",
        "type": "github"
      },
      "original": {
        "owner": "Wawona",
        "repo": "wwn-foot",
        "type": "github"
      }
    },
    "wwn-iland": {
      "inputs": {
        "nixpkgs": [
          "nixpkgs"
        ],
        "rust-overlay": "rust-overlay_5",
        "wwn-toolchain": [
          "wwn-toolchain"
        ]
      },
      "locked": {
        "lastModified": 1785542474,
        "narHash": "sha256-gkkpB2EXKHKpHPRwSHUmAeFIkJEH/w2ZIjokDxyBNPk=",
        "owner": "Wawona",
        "repo": "wwn-iland",
        "rev": "b103ba76e8d92eb07543c9aff8287e1677f11765",
        "type": "github"
      },
      "original": {
        "owner": "Wawona",
        "ref": "development",
        "repo": "wwn-iland",
        "type": "github"
      }
    },
    "wwn-iland_2": {
      "inputs": {
        "nixpkgs": [
          "wwn-waypipe",
          "nixpkgs"
        ],
        "rust-overlay": [
          "wwn-waypipe",
          "rust-overlay"
        ],
        "wwn-toolchain": [
          "wwn-waypipe",
          "wwn-toolchain"
        ]
      },
      "locked": {
        "lastModified": 1785542474,
        "narHash": "sha256-gkkpB2EXKHKpHPRwSHUmAeFIkJEH/w2ZIjokDxyBNPk=",
        "owner": "Wawona",
        "repo": "wwn-iland",
        "rev": "b103ba76e8d92eb07543c9aff8287e1677f11765",
        "type": "github"
      },
      "original": {
        "owner": "Wawona",
        "ref": "development",
        "repo": "wwn-iland",
        "type": "github"
      }
    },
    "wwn-kmscube": {
      "inputs": {
        "nixpkgs": [
          "nixpkgs"
        ],
        "rust-overlay": "rust-overlay_6",
        "wwn-iland": [
          "wwn-iland"
        ],
        "wwn-toolchain": [
          "wwn-toolchain"
        ]
      },
      "locked": {
        "lastModified": 1785544979,
        "narHash": "sha256-0wSSho8EYL4nzdgx6WbJETmutLwRZdfcntNKymja5IQ=",
        "owner": "Wawona",
        "repo": "wwn-kmscube",
        "rev": "0c15aa2fbf6e0aef21f3dd9b51cb114437d0414d",
        "type": "github"
      },
      "original": {
        "owner": "Wawona",
        "ref": "development",
        "repo": "wwn-kmscube",
        "type": "github"
      }
    },
    "wwn-neovim": {
      "inputs": {
        "nixpkgs": [
          "nixpkgs"
        ],
        "rust-overlay": "rust-overlay_7",
        "wwn-toolchain": [
          "wwn-toolchain"
        ]
      },
      "locked": {
        "lastModified": 1784962080,
        "narHash": "sha256-ygA/WpazZZwYWFrX7huguO4c4qc1JKddtAeBc1CFci8=",
        "owner": "Wawona",
        "repo": "wwn-neovim",
        "rev": "60934b1852c4ceea92478a190124b20ec40d03c0",
        "type": "github"
      },
      "original": {
        "owner": "Wawona",
        "ref": "development",
        "repo": "wwn-neovim",
        "type": "github"
      }
    },
    "wwn-niri": {
      "inputs": {
        "nixpkgs": [
          "nixpkgs"
        ],
        "rust-overlay": [
          "rust-overlay"
        ],
        "wwn-toolchain": [
          "wwn-toolchain"
        ]
      },
      "locked": {
        "lastModified": 1784964182,
        "narHash": "sha256-sIyJ8XL1SN+zIYYWYRH7eIum2S4bsGJKsqdk0C9bAHs=",
        "owner": "Wawona",
        "repo": "wwn-niri",
        "rev": "0577e6ce7e19f4af006dabfd71c35b66bfa0b0c9",
        "type": "github"
      },
      "original": {
        "owner": "Wawona",
        "ref": "development",
        "repo": "wwn-niri",
        "type": "github"
      }
    },
    "wwn-ssh": {
      "inputs": {
        "nixpkgs": [
          "nixpkgs"
        ],
        "rust-overlay": [
          "rust-overlay"
        ],
        "wwn-toolchain": [
          "wwn-toolchain"
        ]
      },
      "locked": {
        "lastModified": 1785544980,
        "narHash": "sha256-I0gFBD16LC5pk4RGBmMMgYQq73cFaflvsYJOcv8sq5Y=",
        "owner": "Wawona",
        "repo": "wwn-ssh",
        "rev": "bdb0a8ec0bc5de8a448de2e25b64827881a4af8d",
        "type": "github"
      },
      "original": {
        "owner": "Wawona",
        "repo": "wwn-ssh",
        "type": "github"
      }
    },
    "wwn-toolchain": {
      "inputs": {
        "android-nixpkgs": "android-nixpkgs_2",
        "nixpkgs": [
          "nixpkgs"
        ],
        "rust-overlay": [
          "rust-overlay"
        ]
      },
      "locked": {
        "lastModified": 1785542437,
        "narHash": "sha256-6A7O604vVAoAZyVPoZha7QgaYoGc/s2Jw7ohDiSc21U=",
        "owner": "Wawona",
        "repo": "wwn-toolchain",
        "rev": "a338bfce3a65cea253c41cdbde4124d2a990890f",
        "type": "github"
      },
      "original": {
        "owner": "Wawona",
        "ref": "development",
        "repo": "wwn-toolchain",
        "type": "github"
      }
    },
    "wwn-vms": {
      "inputs": {
        "microvm": [
          "microvm"
        ],
        "nixpkgs": [
          "nixpkgs"
        ],
        "rust-overlay": [
          "rust-overlay"
        ],
        "wwn-toolchain": [
          "wwn-toolchain"
        ]
      },
      "locked": {
        "lastModified": 1784208976,
        "narHash": "sha256-2ZrtpKbiyykNJlP6BthR7T0joECAlApnMJ19HsqQPgw=",
        "owner": "Wawona",
        "repo": "wwn-vms",
        "rev": "8e1a7c47169937e9ee685578d1b9d1dc121576f2",
        "type": "github"
      },
      "original": {
        "owner": "Wawona",
        "repo": "wwn-vms",
        "type": "github"
      }
    },
    "wwn-waypipe": {
      "inputs": {
        "nixpkgs": [
          "nixpkgs"
        ],
        "rust-overlay": "rust-overlay_8",
        "wwn-iland": "wwn-iland_2",
        "wwn-ssh": [
          "wwn-ssh"
        ],
        "wwn-toolchain": [
          "wwn-toolchain"
        ]
      },
      "locked": {
        "lastModified": 1785542501,
        "narHash": "sha256-nxi8pWjQJDiYX1Eo1vLyvDxXKzeeCiJa3i3Wsuc3L1M=",
        "owner": "Wawona",
        "repo": "wwn-waypipe",
        "rev": "6128b83e033886f542208fdf4878a30d63326c95",
        "type": "github"
      },
      "original": {
        "owner": "Wawona",
        "ref": "development",
        "repo": "wwn-waypipe",
        "type": "github"
      }
    },
    "wwn-weston": {
      "inputs": {
        "nixpkgs": [
          "nixpkgs"
        ],
        "rust-overlay": "rust-overlay_9",
        "wwn-iland": [
          "wwn-iland"
        ],
        "wwn-kmscube": [
          "wwn-kmscube"
        ],
        "wwn-toolchain": [
          "wwn-toolchain"
        ]
      },
      "locked": {
        "lastModified": 1785544980,
        "narHash": "sha256-tLwGxSPD1mt3pgfyz205Pqye7Sf6N3pfTHyUjjZfQVE=",
        "owner": "Wawona",
        "repo": "wwn-weston",
        "rev": "6f58a14d01ab615c13693204a054a8ad6b291e1c",
        "type": "github"
      },
      "original": {
        "owner": "Wawona",
        "ref": "development",
        "repo": "wwn-weston",
        "type": "github"
      }
    },
    "wwn-zsh": {
      "inputs": {
        "nixpkgs": [
          "nixpkgs"
        ],
        "rust-overlay": "rust-overlay_10",
        "wwn-toolchain": [
          "wwn-toolchain"
        ]
      },
      "locked": {
        "lastModified": 1784755979,
        "narHash": "sha256-XDbbYwUitdmP9tA4AsNm7/eJhwHh/rxWk14SouAHX6Q=",
        "owner": "Wawona",
        "repo": "wwn-zsh",
        "rev": "6ef971f229c8b2f618ae5c99aa836d9bcf0ed82d",
        "type": "github"
      },
      "original": {
        "owner": "Wawona",
        "repo": "wwn-zsh",
        "type": "github"
      }
    }
  },
  "root": "root",
  "version": 7
}
